
Microsoft Visual Studio Solution File, Format Version 12.00
# Visual Studio Version 17
VisualStudioVersion = 17.0.31903.59
MinimumVisualStudioVersion = 10.0.40219.1
Project("{FAE04EC0-301F-11D3-BF4B-00C04F79EFBC}") = "Ubiquitous", "Ubiquitous.csproj", "{3C393780-5C6D-408B-AC66-9CB9F0ECCE64}"
EndProject
Project("{2150E333-8FDC-42A3-9474-1A3956D46DE8}") = "GameLibrary", "GameLibrary", "{E3E9C73E-7374-B43A-15AB-24E20605AB58}"
EndProject
Project("{FAE04EC0-301F-11D3-BF4B-00C04F79EFBC}") = "TextGame", "GameLibrary\TextGame\TextGame.csproj", "{DB6C5DBB-B878-40E2-89BA-84CA3B4D87AC}"
EndProject
Global
	GlobalSection(SolutionConfigurationPlatforms) = preSolution
		Debug|Any CPU = Debug|Any CPU
		Debug|x64 = Debug|x64
		Debug|x86 = Debug|x86
		Release|Any CPU = Release|Any CPU
		Release|x64 = Release|x64
		Release|x86 = Release|x86
	EndGlobalSection
	GlobalSection(ProjectConfigurationPlatforms) = postSolution
		{3C393780-5C6D-408B-AC66-9CB9F0ECCE64}.Debug|Any CPU.ActiveCfg = Debug|Any CPU
		{3C393780-5C6D-408B-AC66-9CB9F0ECCE64}.Debug|Any CPU.Build.0 = Debug|Any CPU
		{3C393780-5C6D-408B-AC66-9CB9F0ECCE64}.Debug|x64.ActiveCfg = Debug|Any CPU
		{3C393780-5C6D-408B-AC66-9CB9F0ECCE64}.Debug|x64.Build.0 = Debug|Any CPU
		{3C393780-5C6D-408B-AC66-9CB9F0ECCE64}.Debug|x86.ActiveCfg = Debug|Any CPU
		{3C393780-5C6D-408B-AC66-9CB9F0ECCE64}.Debug|x86.Build.0 = Debug|Any CPU
		{3C393780-5C6D-408B-AC66-9CB9F0ECCE64}.Release|Any CPU.ActiveCfg = Release|Any CPU
		{3C393780-5C6D-408B-AC66-9CB9F0ECCE64}.Release|Any CPU.Build.0 = Release|Any CPU
		{3C393780-5C6D-408B-AC66-9CB9F0ECCE64}.Release|x64.ActiveCfg = Release|Any CPU
		{3C393780-5C6D-408B-AC66-9CB9F0ECCE64}.Release|x64.Build.0 = Release|Any CPU
		{3C393780-5C6D-408B-AC66-9CB9F0ECCE64}.Release|x86.ActiveCfg = Release|Any CPU
		{3C393780-5C6D-408B-AC66-9CB9F0ECCE64}.Release|x86.Build.0 = Release|Any CPU
		{DB6C5DBB-B878-40E2-89BA-84CA3B4D87AC}.Debug|Any CPU.ActiveCfg = Debug|Any CPU
		{DB6C5DBB-B878-40E2-89BA-84CA3B4D87AC}.Debug|Any CPU.Build.0 = Debug|Any CPU
		{DB6C5DBB-B878-40E2-89BA-84CA3B4D87AC}.Debug|x64.ActiveCfg = Debug|Any CPU
		{DB6C5DBB-B878-40E2-89BA-84CA3B4D87AC}.Debug|x64.Build.0 = Debug|Any CPU
		{DB6C5DBB-B878-40E2-89BA-84CA3B4D87AC}.Debug|x86.ActiveCfg = Debug|Any CPU
		{DB6C5DBB-B878-40E2-89BA-84CA3B4D87AC}.Debug|x86.Build.0 = Debug|Any CPU
		{DB6C5DBB-B878-40E2-89BA-84CA3B4D87AC}.Release|Any CPU.ActiveCfg = Release|Any CPU
		{DB6C5DBB-B878-40E2-89BA-84CA3B4D87AC}.Release|Any CPU.Build.0 = Release|Any CPU
		{DB6C5DBB-B878-40E2-89BA-84CA3B4D87AC}.Release|x64.ActiveCfg = Release|Any CPU
		{DB6C5DBB-B878-40E2-89BA-84CA3B4D87AC}.Release|x64.Build.0 = Release|Any CPU
		{DB6C5DBB-B878-40E2-89BA-84CA3B4D87AC}.Release|x86.ActiveCfg = Release|Any CPU
		{DB6C5DBB-B878-40E2-89BA-84CA3B4D87AC}.Release|x86.Build.0 = Release|Any CPU
	EndGlobalSection
	GlobalSection(SolutionProperties) = preSolution
		HideSolutionNode = FALSE
	EndGlobalSection
	GlobalSection(NestedProjects) = preSolution
		{DB6C5DBB-B878-40E2-89BA-84CA3B4D87AC} = {E3E9C73E-7374-B43A-15AB-24E20605AB58}
	EndGlobalSection
EndGlobal
