
Microsoft Visual Studio Solution File, Format Version 12.00
# Visual Studio Version 16
VisualStudioVersion = 16.0.31624.102
MinimumVisualStudioVersion = 10.0.40219.1
Project("{FAE04EC0-301F-11D3-BF4B-00C04F79EFBC}") = "Dungine.WPF", "Dungine.WPF.csproj", "{07DF4BC4-BC1A-45F9-85C7-F4731D97A6EF}"
EndProject
Global
	GlobalSection(SolutionConfigurationPlatforms) = preSolution
		Debug|Any CPU = Debug|Any CPU
		Release|Any CPU = Release|Any CPU
	EndGlobalSection
	GlobalSection(ProjectConfigurationPlatforms) = postSolution
		{07DF4BC4-BC1A-45F9-85C7-F4731D97A6EF}.Debug|Any CPU.ActiveCfg = Debug|Any CPU
		{07DF4BC4-BC1A-45F9-85C7-F4731D97A6EF}.Debug|Any CPU.Build.0 = Debug|Any CPU
		{07DF4BC4-BC1A-45F9-85C7-F4731D97A6EF}.Release|Any CPU.ActiveCfg = Release|Any CPU
		{07DF4BC4-BC1A-45F9-85C7-F4731D97A6EF}.Release|Any CPU.Build.0 = Release|Any CPU
	EndGlobalSection
	GlobalSection(SolutionProperties) = preSolution
		HideSolutionNode = FALSE
	EndGlobalSection
	GlobalSection(ExtensibilityGlobals) = postSolution
		SolutionGuid = {092CF234-B042-47C7-87F1-48C842C47875}
	EndGlobalSection
EndGlobal
