
Microsoft Visual Studio Solution File, Format Version 12.00
# Visual Studio Version 16
VisualStudioVersion = 16.0.30621.155
MinimumVisualStudioVersion = 10.0.40219.1
Project("{FAE04EC0-301F-11D3-BF4B-00C04F79EFBC}") = "Dungine.WPF", "Dungine.WPF.csproj", "{228A111F-63FF-462D-8974-F37A055B861A}"
EndProject
Global
	GlobalSection(SolutionConfigurationPlatforms) = preSolution
		Debug|Any CPU = Debug|Any CPU
		Release|Any CPU = Release|Any CPU
	EndGlobalSection
	GlobalSection(ProjectConfigurationPlatforms) = postSolution
		{228A111F-63FF-462D-8974-F37A055B861A}.Debug|Any CPU.ActiveCfg = Debug|Any CPU
		{228A111F-63FF-462D-8974-F37A055B861A}.Debug|Any CPU.Build.0 = Debug|Any CPU
		{228A111F-63FF-462D-8974-F37A055B861A}.Release|Any CPU.ActiveCfg = Release|Any CPU
		{228A111F-63FF-462D-8974-F37A055B861A}.Release|Any CPU.Build.0 = Release|Any CPU
	EndGlobalSection
	GlobalSection(SolutionProperties) = preSolution
		HideSolutionNode = FALSE
	EndGlobalSection
	GlobalSection(ExtensibilityGlobals) = postSolution
		SolutionGuid = {E8C934A6-83AB-4C22-881A-F495295F1336}
	EndGlobalSection
EndGlobal
